
Microsoft Visual Studio Solution File, Format Version 12.00
Project("{FAE04EC0-301F-11D3-BF4B-00C04F79EFBC}") = "Claunia.ReedSolomon", "Claunia.ReedSolomon\Claunia.ReedSolomon.csproj", "{4213781F-6943-446C-B7A4-4E93C3227389}"
EndProject
Global
	GlobalSection(SolutionConfigurationPlatforms) = preSolution
		Debug|Any CPU = Debug|Any CPU
		Release|Any CPU = Release|Any CPU
	EndGlobalSection
	GlobalSection(ProjectConfigurationPlatforms) = postSolution
		{4213781F-6943-446C-B7A4-4E93C3227389}.Debug|Any CPU.ActiveCfg = Debug|Any CPU
		{4213781F-6943-446C-B7A4-4E93C3227389}.Debug|Any CPU.Build.0 = Debug|Any CPU
		{4213781F-6943-446C-B7A4-4E93C3227389}.Release|Any CPU.ActiveCfg = Release|Any CPU
		{4213781F-6943-446C-B7A4-4E93C3227389}.Release|Any CPU.Build.0 = Release|Any CPU
	EndGlobalSection
EndGlobal
